
Microsoft Visual Studio Solution File, Format Version 12.00
# Visual Studio 15
VisualStudioVersion = 15.0.27130.2036
MinimumVisualStudioVersion = 10.0.40219.1
Project("{F14B399A-7131-4C87-9E4B-1186C45EF12D}") = "Report Project1", "Report Project1\Report Project1.rptproj", "{9848A66E-DD96-4C82-B1BC-A9986723460A}"
EndProject
Global
	GlobalSection(SolutionConfigurationPlatforms) = preSolution
		Debug|Default = Debug|Default
		DebugLocal|Default = DebugLocal|Default
		Release|Default = Release|Default
	EndGlobalSection
	GlobalSection(ProjectConfigurationPlatforms) = postSolution
		{9848A66E-DD96-4C82-B1BC-A9986723460A}.Debug|Default.ActiveCfg = Debug
		{9848A66E-DD96-4C82-B1BC-A9986723460A}.Debug|Default.Build.0 = Debug
		{9848A66E-DD96-4C82-B1BC-A9986723460A}.Debug|Default.Deploy.0 = Debug
		{9848A66E-DD96-4C82-B1BC-A9986723460A}.DebugLocal|Default.ActiveCfg = DebugLocal
		{9848A66E-DD96-4C82-B1BC-A9986723460A}.DebugLocal|Default.Build.0 = DebugLocal
		{9848A66E-DD96-4C82-B1BC-A9986723460A}.Release|Default.ActiveCfg = Release
		{9848A66E-DD96-4C82-B1BC-A9986723460A}.Release|Default.Build.0 = Release
		{9848A66E-DD96-4C82-B1BC-A9986723460A}.Release|Default.Deploy.0 = Release
	EndGlobalSection
	GlobalSection(SolutionProperties) = preSolution
		HideSolutionNode = FALSE
	EndGlobalSection
	GlobalSection(ExtensibilityGlobals) = postSolution
		SolutionGuid = {4D1F29E0-713C-4D2B-BC20-DC14D56F5F0D}
	EndGlobalSection
EndGlobal
